
Microsoft Visual Studio Solution File, Format Version 12.00
# Visual Studio Version 17
VisualStudioVersion = 17.0.31912.275
MinimumVisualStudioVersion = 10.0.40219.1
Project("{FAE04EC0-301F-11D3-BF4B-00C04F79EFBC}") = "UserCustom", "UserCustom\UserCustom.csproj", "{BA3AFD3F-0714-40E3-931D-5F18FAFAFE06}"
EndProject
Global
	GlobalSection(SolutionConfigurationPlatforms) = preSolution
		Debug|Any CPU = Debug|Any CPU
		Release|Any CPU = Release|Any CPU
	EndGlobalSection
	GlobalSection(ProjectConfigurationPlatforms) = postSolution
		{BA3AFD3F-0714-40E3-931D-5F18FAFAFE06}.Debug|Any CPU.ActiveCfg = Debug|Any CPU
		{BA3AFD3F-0714-40E3-931D-5F18FAFAFE06}.Debug|Any CPU.Build.0 = Debug|Any CPU
		{BA3AFD3F-0714-40E3-931D-5F18FAFAFE06}.Release|Any CPU.ActiveCfg = Release|Any CPU
		{BA3AFD3F-0714-40E3-931D-5F18FAFAFE06}.Release|Any CPU.Build.0 = Release|Any CPU
	EndGlobalSection
	GlobalSection(SolutionProperties) = preSolution
		HideSolutionNode = FALSE
	EndGlobalSection
	GlobalSection(ExtensibilityGlobals) = postSolution
		SolutionGuid = {B1DD7642-A022-43A4-BD04-0EA7E2671CB9}
	EndGlobalSection
EndGlobal
